
Microsoft Visual Studio Solution File, Format Version 12.00
# Visual Studio Version 16
VisualStudioVersion = 16.0.29709.97
MinimumVisualStudioVersion = 10.0.40219.1
Project("{9A19103F-16F7-4668-BE54-9A1E7A4F7556}") = "ValidaCartaoTest", "ValidaCartaoTest\ValidaCartaoTest.csproj", "{73EBB25F-3C9C-44E4-9D97-6C6DCC5C2C92}"
EndProject
Project("{9A19103F-16F7-4668-BE54-9A1E7A4F7556}") = "Testes", "Testes\Testes.csproj", "{F52D72F2-B279-4C0D-B042-54EF55F97C61}"
EndProject
Global
	GlobalSection(SolutionConfigurationPlatforms) = preSolution
		Debug|Any CPU = Debug|Any CPU
		Release|Any CPU = Release|Any CPU
	EndGlobalSection
	GlobalSection(ProjectConfigurationPlatforms) = postSolution
		{73EBB25F-3C9C-44E4-9D97-6C6DCC5C2C92}.Debug|Any CPU.ActiveCfg = Debug|Any CPU
		{73EBB25F-3C9C-44E4-9D97-6C6DCC5C2C92}.Debug|Any CPU.Build.0 = Debug|Any CPU
		{73EBB25F-3C9C-44E4-9D97-6C6DCC5C2C92}.Release|Any CPU.ActiveCfg = Release|Any CPU
		{73EBB25F-3C9C-44E4-9D97-6C6DCC5C2C92}.Release|Any CPU.Build.0 = Release|Any CPU
		{F52D72F2-B279-4C0D-B042-54EF55F97C61}.Debug|Any CPU.ActiveCfg = Debug|Any CPU
		{F52D72F2-B279-4C0D-B042-54EF55F97C61}.Debug|Any CPU.Build.0 = Debug|Any CPU
		{F52D72F2-B279-4C0D-B042-54EF55F97C61}.Release|Any CPU.ActiveCfg = Release|Any CPU
		{F52D72F2-B279-4C0D-B042-54EF55F97C61}.Release|Any CPU.Build.0 = Release|Any CPU
	EndGlobalSection
	GlobalSection(SolutionProperties) = preSolution
		HideSolutionNode = FALSE
	EndGlobalSection
	GlobalSection(ExtensibilityGlobals) = postSolution
		SolutionGuid = {4EE199B3-5D62-4300-A46E-7AA221CFFF56}
	EndGlobalSection
EndGlobal
